// !$*UTF8*$!
{
    archiveVersion = 1;
    classes = {};
    objectVersion = 46;
    rootObject = __RootObject_;
    objects = {
        __RootObject_ = {
            isa = PBXProject;
            attributes = {LastUpgradeCheck = 9999;};
            buildConfigurationList = ___RootConfs_;
            compatibilityVersion = 'Xcode 3.2';
            developmentRegion = English;
            hasScannedForEncodings = 0;
            knownRegions = (en);
            mainGroup = ___RootGroup_;
            productRefGroup = ____Products_;
            projectDirPath = '';
            projectRoot = '';
            targets = (______Target_EasyInject, ______Target_ValidatedExtension, ______Target_ValidatedInjectAdditions, ______Target_ValidatedInjectAdditionsTests);
        };
        '__PBXFileRef_Package.swift' = {
            isa = PBXFileReference;
            lastKnownFileType = sourcecode.swift;
            path = 'Package.swift';
            sourceTree = '<group>';
        };
        '__PBXFileRef_build' = {
            isa = PBXFileReference;
            lastKnownFileType = folder;
            name = 'build';
            path = 'build';
            sourceTree = '<group>';
        };
        ___RootGroup_ = {
            isa = PBXGroup;
            children = ('__PBXFileRef_Package.swift', _____Configs_, _____Sources_, '__PBXFileRef_build', Dependencies_, _______Tests_, ____Products_);
            sourceTree = '<group>';
        };
        _______Group_EasyInject = {
            isa = PBXGroup;
            name = 'EasyInject';
            path = 'Packages/EasyInject-0.8.1/Sources';
            sourceTree = '<group>';
            children = ('__PBXFileRef_Packages/EasyInject-0.8.1/Sources/AnyInjector.swift', '__PBXFileRef_Packages/EasyInject-0.8.1/Sources/ComposedInjector.swift', '__PBXFileRef_Packages/EasyInject-0.8.1/Sources/Core.swift', '__PBXFileRef_Packages/EasyInject-0.8.1/Sources/CoreExtensions.swift', '__PBXFileRef_Packages/EasyInject-0.8.1/Sources/Extensions.swift', '__PBXFileRef_Packages/EasyInject-0.8.1/Sources/GlobalInjector.swift', '__PBXFileRef_Packages/EasyInject-0.8.1/Sources/LazilyInjectedProvider.swift', '__PBXFileRef_Packages/EasyInject-0.8.1/Sources/LazyInjector.swift', '__PBXFileRef_Packages/EasyInject-0.8.1/Sources/StrictInjector.swift', '__PBXFileRef_Packages/EasyInject-0.8.1/Sources/StrictlyInjectedProvider.swift');
        };
        '__PBXFileRef_Packages/EasyInject-0.8.1/Sources/AnyInjector.swift' = {
            isa = PBXFileReference;
            lastKnownFileType = sourcecode.swift;
            path = 'AnyInjector.swift';
            sourceTree = '<group>';
        };
        '__PBXFileRef_Packages/EasyInject-0.8.1/Sources/ComposedInjector.swift' = {
            isa = PBXFileReference;
            lastKnownFileType = sourcecode.swift;
            path = 'ComposedInjector.swift';
            sourceTree = '<group>';
        };
        '__PBXFileRef_Packages/EasyInject-0.8.1/Sources/Core.swift' = {
            isa = PBXFileReference;
            lastKnownFileType = sourcecode.swift;
            path = 'Core.swift';
            sourceTree = '<group>';
        };
        '__PBXFileRef_Packages/EasyInject-0.8.1/Sources/CoreExtensions.swift' = {
            isa = PBXFileReference;
            lastKnownFileType = sourcecode.swift;
            path = 'CoreExtensions.swift';
            sourceTree = '<group>';
        };
        '__PBXFileRef_Packages/EasyInject-0.8.1/Sources/Extensions.swift' = {
            isa = PBXFileReference;
            lastKnownFileType = sourcecode.swift;
            path = 'Extensions.swift';
            sourceTree = '<group>';
        };
        '__PBXFileRef_Packages/EasyInject-0.8.1/Sources/GlobalInjector.swift' = {
            isa = PBXFileReference;
            lastKnownFileType = sourcecode.swift;
            path = 'GlobalInjector.swift';
            sourceTree = '<group>';
        };
        '__PBXFileRef_Packages/EasyInject-0.8.1/Sources/LazilyInjectedProvider.swift' = {
            isa = PBXFileReference;
            lastKnownFileType = sourcecode.swift;
            path = 'LazilyInjectedProvider.swift';
            sourceTree = '<group>';
        };
        '__PBXFileRef_Packages/EasyInject-0.8.1/Sources/LazyInjector.swift' = {
            isa = PBXFileReference;
            lastKnownFileType = sourcecode.swift;
            path = 'LazyInjector.swift';
            sourceTree = '<group>';
        };
        '__PBXFileRef_Packages/EasyInject-0.8.1/Sources/StrictInjector.swift' = {
            isa = PBXFileReference;
            lastKnownFileType = sourcecode.swift;
            path = 'StrictInjector.swift';
            sourceTree = '<group>';
        };
        '__PBXFileRef_Packages/EasyInject-0.8.1/Sources/StrictlyInjectedProvider.swift' = {
            isa = PBXFileReference;
            lastKnownFileType = sourcecode.swift;
            path = 'StrictlyInjectedProvider.swift';
            sourceTree = '<group>';
        };
        ______Target_EasyInject = {
            isa = PBXNativeTarget;
            buildConfigurationList = _______Confs_EasyInject;
            buildPhases = (CompilePhase_EasyInject, ___LinkPhase_EasyInject);
            buildRules = ();
            dependencies = ();
            name = 'EasyInject';
            productName = EasyInject;
            productReference = _____Product_EasyInject;
            productType = 'com.apple.product-type.framework';
        };
        _____Product_EasyInject = {
            isa = PBXFileReference;
            explicitFileType = 'wrapper.framework';
            path = 'EasyInject.framework';
            sourceTree = BUILT_PRODUCTS_DIR;
        };
        CompilePhase_EasyInject = {
            isa = PBXSourcesBuildPhase;
            files = ('__src_cc_ref_Packages/EasyInject-0.8.1/Sources/AnyInjector.swift', '__src_cc_ref_Packages/EasyInject-0.8.1/Sources/ComposedInjector.swift', '__src_cc_ref_Packages/EasyInject-0.8.1/Sources/Core.swift', '__src_cc_ref_Packages/EasyInject-0.8.1/Sources/CoreExtensions.swift', '__src_cc_ref_Packages/EasyInject-0.8.1/Sources/Extensions.swift', '__src_cc_ref_Packages/EasyInject-0.8.1/Sources/GlobalInjector.swift', '__src_cc_ref_Packages/EasyInject-0.8.1/Sources/LazilyInjectedProvider.swift', '__src_cc_ref_Packages/EasyInject-0.8.1/Sources/LazyInjector.swift', '__src_cc_ref_Packages/EasyInject-0.8.1/Sources/StrictInjector.swift', '__src_cc_ref_Packages/EasyInject-0.8.1/Sources/StrictlyInjectedProvider.swift');
            runOnlyForDeploymentPostprocessing = 0;
        };
        '__src_cc_ref_Packages/EasyInject-0.8.1/Sources/AnyInjector.swift' = {
            isa = PBXBuildFile;
            fileRef = '__PBXFileRef_Packages/EasyInject-0.8.1/Sources/AnyInjector.swift';
        };
        '__src_cc_ref_Packages/EasyInject-0.8.1/Sources/ComposedInjector.swift' = {
            isa = PBXBuildFile;
            fileRef = '__PBXFileRef_Packages/EasyInject-0.8.1/Sources/ComposedInjector.swift';
        };
        '__src_cc_ref_Packages/EasyInject-0.8.1/Sources/Core.swift' = {
            isa = PBXBuildFile;
            fileRef = '__PBXFileRef_Packages/EasyInject-0.8.1/Sources/Core.swift';
        };
        '__src_cc_ref_Packages/EasyInject-0.8.1/Sources/CoreExtensions.swift' = {
            isa = PBXBuildFile;
            fileRef = '__PBXFileRef_Packages/EasyInject-0.8.1/Sources/CoreExtensions.swift';
        };
        '__src_cc_ref_Packages/EasyInject-0.8.1/Sources/Extensions.swift' = {
            isa = PBXBuildFile;
            fileRef = '__PBXFileRef_Packages/EasyInject-0.8.1/Sources/Extensions.swift';
        };
        '__src_cc_ref_Packages/EasyInject-0.8.1/Sources/GlobalInjector.swift' = {
            isa = PBXBuildFile;
            fileRef = '__PBXFileRef_Packages/EasyInject-0.8.1/Sources/GlobalInjector.swift';
        };
        '__src_cc_ref_Packages/EasyInject-0.8.1/Sources/LazilyInjectedProvider.swift' = {
            isa = PBXBuildFile;
            fileRef = '__PBXFileRef_Packages/EasyInject-0.8.1/Sources/LazilyInjectedProvider.swift';
        };
        '__src_cc_ref_Packages/EasyInject-0.8.1/Sources/LazyInjector.swift' = {
            isa = PBXBuildFile;
            fileRef = '__PBXFileRef_Packages/EasyInject-0.8.1/Sources/LazyInjector.swift';
        };
        '__src_cc_ref_Packages/EasyInject-0.8.1/Sources/StrictInjector.swift' = {
            isa = PBXBuildFile;
            fileRef = '__PBXFileRef_Packages/EasyInject-0.8.1/Sources/StrictInjector.swift';
        };
        '__src_cc_ref_Packages/EasyInject-0.8.1/Sources/StrictlyInjectedProvider.swift' = {
            isa = PBXBuildFile;
            fileRef = '__PBXFileRef_Packages/EasyInject-0.8.1/Sources/StrictlyInjectedProvider.swift';
        };
        ___LinkPhase_EasyInject = {
            isa = PBXFrameworksBuildPhase;
            files = ();
            runOnlyForDeploymentPostprocessing = 0;
        };
        _______Confs_EasyInject = {
            isa = XCConfigurationList;
            buildConfigurations = (___DebugConf_EasyInject, _ReleaseConf_EasyInject);
            defaultConfigurationIsVisible = 0;
            defaultConfigurationName = Debug;
        };
        ___DebugConf_EasyInject = {
            isa = XCBuildConfiguration;
            buildSettings = { SWIFT_VERSION = '3.0'; LD_RUNPATH_SEARCH_PATHS = '$(TOOLCHAIN_DIR)/usr/lib/swift/macosx'; PRODUCT_MODULE_NAME = '$(TARGET_NAME:c99extidentifier)'; ENABLE_TESTABILITY = 'YES'; OTHER_SWIFT_FLAGS = '$(inherited)'; INFOPLIST_FILE = 'ValidatedInjectAdditions.xcodeproj/EasyInject_Info.plist'; FRAMEWORK_SEARCH_PATHS = '$(PLATFORM_DIR)/Developer/Library/Frameworks'; SWIFT_OPTIMIZATION_LEVEL = '-Onone'; PRODUCT_BUNDLE_IDENTIFIER = 'EasyInject'; PRODUCT_NAME = '$(TARGET_NAME:c99extidentifier)'; OTHER_LDFLAGS = '$(inherited)'; };
            name = Debug;
        };
        _ReleaseConf_EasyInject = {
            isa = XCBuildConfiguration;
            buildSettings = { SWIFT_VERSION = '3.0'; LD_RUNPATH_SEARCH_PATHS = '$(TOOLCHAIN_DIR)/usr/lib/swift/macosx'; PRODUCT_MODULE_NAME = '$(TARGET_NAME:c99extidentifier)'; ENABLE_TESTABILITY = 'YES'; OTHER_SWIFT_FLAGS = '$(inherited)'; INFOPLIST_FILE = 'ValidatedInjectAdditions.xcodeproj/EasyInject_Info.plist'; FRAMEWORK_SEARCH_PATHS = '$(PLATFORM_DIR)/Developer/Library/Frameworks'; PRODUCT_BUNDLE_IDENTIFIER = 'EasyInject'; PRODUCT_NAME = '$(TARGET_NAME:c99extidentifier)'; OTHER_LDFLAGS = '$(inherited)'; };
            name = Release;
        };
        __Dependency_EasyInject = {
            isa = PBXTargetDependency;
            target = ______Target_EasyInject;
        };
        _______Group_ValidatedExtension = {
            isa = PBXGroup;
            name = 'ValidatedExtension';
            path = 'Packages/ValidatedExtension-4.0.0/Sources/ValidatedExtension';
            sourceTree = '<group>';
            children = ('__PBXFileRef_Packages/ValidatedExtension-4.0.0/Sources/ValidatedExtension/ValidatedExtension.swift');
        };
        '__PBXFileRef_Packages/ValidatedExtension-4.0.0/Sources/ValidatedExtension/ValidatedExtension.swift' = {
            isa = PBXFileReference;
            lastKnownFileType = sourcecode.swift;
            path = 'ValidatedExtension.swift';
            sourceTree = '<group>';
        };
        ______Target_ValidatedExtension = {
            isa = PBXNativeTarget;
            buildConfigurationList = _______Confs_ValidatedExtension;
            buildPhases = (CompilePhase_ValidatedExtension, ___LinkPhase_ValidatedExtension);
            buildRules = ();
            dependencies = ();
            name = 'ValidatedExtension';
            productName = ValidatedExtension;
            productReference = _____Product_ValidatedExtension;
            productType = 'com.apple.product-type.framework';
        };
        _____Product_ValidatedExtension = {
            isa = PBXFileReference;
            explicitFileType = 'wrapper.framework';
            path = 'ValidatedExtension.framework';
            sourceTree = BUILT_PRODUCTS_DIR;
        };
        CompilePhase_ValidatedExtension = {
            isa = PBXSourcesBuildPhase;
            files = ('__src_cc_ref_Packages/ValidatedExtension-4.0.0/Sources/ValidatedExtension/ValidatedExtension.swift');
            runOnlyForDeploymentPostprocessing = 0;
        };
        '__src_cc_ref_Packages/ValidatedExtension-4.0.0/Sources/ValidatedExtension/ValidatedExtension.swift' = {
            isa = PBXBuildFile;
            fileRef = '__PBXFileRef_Packages/ValidatedExtension-4.0.0/Sources/ValidatedExtension/ValidatedExtension.swift';
        };
        ___LinkPhase_ValidatedExtension = {
            isa = PBXFrameworksBuildPhase;
            files = ();
            runOnlyForDeploymentPostprocessing = 0;
        };
        _______Confs_ValidatedExtension = {
            isa = XCConfigurationList;
            buildConfigurations = (___DebugConf_ValidatedExtension, _ReleaseConf_ValidatedExtension);
            defaultConfigurationIsVisible = 0;
            defaultConfigurationName = Debug;
        };
        ___DebugConf_ValidatedExtension = {
            isa = XCBuildConfiguration;
            buildSettings = { SWIFT_VERSION = '3.0'; LD_RUNPATH_SEARCH_PATHS = '$(TOOLCHAIN_DIR)/usr/lib/swift/macosx'; PRODUCT_MODULE_NAME = '$(TARGET_NAME:c99extidentifier)'; ENABLE_TESTABILITY = 'YES'; OTHER_SWIFT_FLAGS = '$(inherited)'; INFOPLIST_FILE = 'ValidatedInjectAdditions.xcodeproj/ValidatedExtension_Info.plist'; FRAMEWORK_SEARCH_PATHS = '$(PLATFORM_DIR)/Developer/Library/Frameworks'; SWIFT_OPTIMIZATION_LEVEL = '-Onone'; PRODUCT_BUNDLE_IDENTIFIER = 'ValidatedExtension'; PRODUCT_NAME = '$(TARGET_NAME:c99extidentifier)'; OTHER_LDFLAGS = '$(inherited)'; };
            name = Debug;
        };
        _ReleaseConf_ValidatedExtension = {
            isa = XCBuildConfiguration;
            buildSettings = { SWIFT_VERSION = '3.0'; LD_RUNPATH_SEARCH_PATHS = '$(TOOLCHAIN_DIR)/usr/lib/swift/macosx'; PRODUCT_MODULE_NAME = '$(TARGET_NAME:c99extidentifier)'; ENABLE_TESTABILITY = 'YES'; OTHER_SWIFT_FLAGS = '$(inherited)'; INFOPLIST_FILE = 'ValidatedInjectAdditions.xcodeproj/ValidatedExtension_Info.plist'; FRAMEWORK_SEARCH_PATHS = '$(PLATFORM_DIR)/Developer/Library/Frameworks'; PRODUCT_BUNDLE_IDENTIFIER = 'ValidatedExtension'; PRODUCT_NAME = '$(TARGET_NAME:c99extidentifier)'; OTHER_LDFLAGS = '$(inherited)'; };
            name = Release;
        };
        __Dependency_ValidatedExtension = {
            isa = PBXTargetDependency;
            target = ______Target_ValidatedExtension;
        };
        _______Group_ValidatedInjectAdditions = {
            isa = PBXGroup;
            name = 'ValidatedInjectAdditions';
            path = 'Sources';
            sourceTree = '<group>';
            children = ('__PBXFileRef_Sources/ValidatedInjectAdditions.swift');
        };
        '__PBXFileRef_Sources/ValidatedInjectAdditions.swift' = {
            isa = PBXFileReference;
            lastKnownFileType = sourcecode.swift;
            path = 'ValidatedInjectAdditions.swift';
            sourceTree = '<group>';
        };
        ______Target_ValidatedInjectAdditions = {
            isa = PBXNativeTarget;
            buildConfigurationList = _______Confs_ValidatedInjectAdditions;
            buildPhases = (CompilePhase_ValidatedInjectAdditions, ___LinkPhase_ValidatedInjectAdditions);
            buildRules = ();
            dependencies = (__Dependency_EasyInject, __Dependency_ValidatedExtension);
            name = 'ValidatedInjectAdditions';
            productName = ValidatedInjectAdditions;
            productReference = _____Product_ValidatedInjectAdditions;
            productType = 'com.apple.product-type.framework';
        };
        _____Product_ValidatedInjectAdditions = {
            isa = PBXFileReference;
            explicitFileType = 'wrapper.framework';
            path = 'ValidatedInjectAdditions.framework';
            sourceTree = BUILT_PRODUCTS_DIR;
        };
        CompilePhase_ValidatedInjectAdditions = {
            isa = PBXSourcesBuildPhase;
            files = ('__src_cc_ref_Sources/ValidatedInjectAdditions.swift');
            runOnlyForDeploymentPostprocessing = 0;
        };
        '__src_cc_ref_Sources/ValidatedInjectAdditions.swift' = {
            isa = PBXBuildFile;
            fileRef = '__PBXFileRef_Sources/ValidatedInjectAdditions.swift';
        };
        ___LinkPhase_ValidatedInjectAdditions = {
            isa = PBXFrameworksBuildPhase;
            files = (_LinkFileRef_EasyInject_via_ValidatedInjectAdditions, _LinkFileRef_ValidatedExtension_via_ValidatedInjectAdditions);
            runOnlyForDeploymentPostprocessing = 0;
        };
        _LinkFileRef_EasyInject_via_ValidatedInjectAdditions = {
            isa = PBXBuildFile;
            fileRef = _____Product_EasyInject;
        };
        _LinkFileRef_ValidatedExtension_via_ValidatedInjectAdditions = {
            isa = PBXBuildFile;
            fileRef = _____Product_ValidatedExtension;
        };
        _______Confs_ValidatedInjectAdditions = {
            isa = XCConfigurationList;
            buildConfigurations = (___DebugConf_ValidatedInjectAdditions, _ReleaseConf_ValidatedInjectAdditions);
            defaultConfigurationIsVisible = 0;
            defaultConfigurationName = Debug;
        };
        ___DebugConf_ValidatedInjectAdditions = {
            isa = XCBuildConfiguration;
            buildSettings = { SWIFT_VERSION = '3.0'; LD_RUNPATH_SEARCH_PATHS = '$(TOOLCHAIN_DIR)/usr/lib/swift/macosx'; PRODUCT_MODULE_NAME = '$(TARGET_NAME:c99extidentifier)'; ENABLE_TESTABILITY = 'YES'; OTHER_SWIFT_FLAGS = '$(inherited)'; INFOPLIST_FILE = 'ValidatedInjectAdditions.xcodeproj/ValidatedInjectAdditions_Info.plist'; FRAMEWORK_SEARCH_PATHS = '$(PLATFORM_DIR)/Developer/Library/Frameworks'; SWIFT_OPTIMIZATION_LEVEL = '-Onone'; PRODUCT_BUNDLE_IDENTIFIER = 'ValidatedInjectAdditions'; PRODUCT_NAME = '$(TARGET_NAME:c99extidentifier)'; OTHER_LDFLAGS = '$(inherited)'; };
            name = Debug;
        };
        _ReleaseConf_ValidatedInjectAdditions = {
            isa = XCBuildConfiguration;
            buildSettings = { SWIFT_VERSION = '3.0'; LD_RUNPATH_SEARCH_PATHS = '$(TOOLCHAIN_DIR)/usr/lib/swift/macosx'; PRODUCT_MODULE_NAME = '$(TARGET_NAME:c99extidentifier)'; ENABLE_TESTABILITY = 'YES'; OTHER_SWIFT_FLAGS = '$(inherited)'; INFOPLIST_FILE = 'ValidatedInjectAdditions.xcodeproj/ValidatedInjectAdditions_Info.plist'; FRAMEWORK_SEARCH_PATHS = '$(PLATFORM_DIR)/Developer/Library/Frameworks'; PRODUCT_BUNDLE_IDENTIFIER = 'ValidatedInjectAdditions'; PRODUCT_NAME = '$(TARGET_NAME:c99extidentifier)'; OTHER_LDFLAGS = '$(inherited)'; };
            name = Release;
        };
        __Dependency_ValidatedInjectAdditions = {
            isa = PBXTargetDependency;
            target = ______Target_ValidatedInjectAdditions;
        };
        _______Group_ValidatedInjectAdditionsTests = {
            isa = PBXGroup;
            name = 'ValidatedInjectAdditionsTests';
            path = 'Tests/ValidatedInjectAdditionsTests';
            sourceTree = '<group>';
            children = ('__PBXFileRef_Tests/ValidatedInjectAdditionsTests/ValidatedExtension_EasyInjectTests.swift');
        };
        '__PBXFileRef_Tests/ValidatedInjectAdditionsTests/ValidatedExtension_EasyInjectTests.swift' = {
            isa = PBXFileReference;
            lastKnownFileType = sourcecode.swift;
            path = 'ValidatedExtension_EasyInjectTests.swift';
            sourceTree = '<group>';
        };
        ______Target_ValidatedInjectAdditionsTests = {
            isa = PBXNativeTarget;
            buildConfigurationList = _______Confs_ValidatedInjectAdditionsTests;
            buildPhases = (CompilePhase_ValidatedInjectAdditionsTests, ___LinkPhase_ValidatedInjectAdditionsTests);
            buildRules = ();
            dependencies = (__Dependency_EasyInject, __Dependency_ValidatedExtension, __Dependency_ValidatedInjectAdditions);
            name = 'ValidatedInjectAdditionsTests';
            productName = ValidatedInjectAdditionsTests;
            productReference = _____Product_ValidatedInjectAdditionsTests;
            productType = 'com.apple.product-type.bundle.unit-test';
        };
        _____Product_ValidatedInjectAdditionsTests = {
            isa = PBXFileReference;
            explicitFileType = 'compiled.mach-o.wrapper.cfbundle';
            path = 'ValidatedInjectAdditionsTests.xctest';
            sourceTree = BUILT_PRODUCTS_DIR;
        };
        CompilePhase_ValidatedInjectAdditionsTests = {
            isa = PBXSourcesBuildPhase;
            files = ('__src_cc_ref_Tests/ValidatedInjectAdditionsTests/ValidatedExtension_EasyInjectTests.swift');
            runOnlyForDeploymentPostprocessing = 0;
        };
        '__src_cc_ref_Tests/ValidatedInjectAdditionsTests/ValidatedExtension_EasyInjectTests.swift' = {
            isa = PBXBuildFile;
            fileRef = '__PBXFileRef_Tests/ValidatedInjectAdditionsTests/ValidatedExtension_EasyInjectTests.swift';
        };
        ___LinkPhase_ValidatedInjectAdditionsTests = {
            isa = PBXFrameworksBuildPhase;
            files = (_LinkFileRef_EasyInject_via_ValidatedInjectAdditionsTests, _LinkFileRef_ValidatedExtension_via_ValidatedInjectAdditionsTests, _LinkFileRef_ValidatedInjectAdditions_via_ValidatedInjectAdditionsTests);
            runOnlyForDeploymentPostprocessing = 0;
        };
        _LinkFileRef_EasyInject_via_ValidatedInjectAdditionsTests = {
            isa = PBXBuildFile;
            fileRef = _____Product_EasyInject;
        };
        _LinkFileRef_ValidatedExtension_via_ValidatedInjectAdditionsTests = {
            isa = PBXBuildFile;
            fileRef = _____Product_ValidatedExtension;
        };
        _LinkFileRef_ValidatedInjectAdditions_via_ValidatedInjectAdditionsTests = {
            isa = PBXBuildFile;
            fileRef = _____Product_ValidatedInjectAdditions;
        };
        _______Confs_ValidatedInjectAdditionsTests = {
            isa = XCConfigurationList;
            buildConfigurations = (___DebugConf_ValidatedInjectAdditionsTests, _ReleaseConf_ValidatedInjectAdditionsTests);
            defaultConfigurationIsVisible = 0;
            defaultConfigurationName = Debug;
        };
        ___DebugConf_ValidatedInjectAdditionsTests = {
            isa = XCBuildConfiguration;
            buildSettings = { LD_RUNPATH_SEARCH_PATHS = '@loader_path/../Frameworks'; FRAMEWORK_SEARCH_PATHS = '$(PLATFORM_DIR)/Developer/Library/Frameworks'; OTHER_SWIFT_FLAGS = '$(inherited)'; INFOPLIST_FILE = 'ValidatedInjectAdditions.xcodeproj/ValidatedInjectAdditionsTests_Info.plist'; SWIFT_OPTIMIZATION_LEVEL = '-Onone'; EMBEDDED_CONTENT_CONTAINS_SWIFT = 'YES'; OTHER_LDFLAGS = '$(inherited)'; SWIFT_VERSION = '3.0'; };
            name = Debug;
        };
        _ReleaseConf_ValidatedInjectAdditionsTests = {
            isa = XCBuildConfiguration;
            buildSettings = { LD_RUNPATH_SEARCH_PATHS = '@loader_path/../Frameworks'; FRAMEWORK_SEARCH_PATHS = '$(PLATFORM_DIR)/Developer/Library/Frameworks'; OTHER_SWIFT_FLAGS = '$(inherited)'; INFOPLIST_FILE = 'ValidatedInjectAdditions.xcodeproj/ValidatedInjectAdditionsTests_Info.plist'; EMBEDDED_CONTENT_CONTAINS_SWIFT = 'YES'; OTHER_LDFLAGS = '$(inherited)'; SWIFT_VERSION = '3.0'; };
            name = Release;
        };
        __Dependency_ValidatedInjectAdditionsTests = {
            isa = PBXTargetDependency;
            target = ______Target_ValidatedInjectAdditionsTests;
        };
        '__PBXFileRef_ValidatedInjectAdditions.xcodeproj/Configs/Project.xcconfig' = {
            isa = PBXFileReference;
            lastKnownFileType = text.xcconfig;
            path = 'ValidatedInjectAdditions.xcodeproj/Configs/Project.xcconfig';
            sourceTree = '<group>';
        };
        _____Configs_ = {
            isa = PBXGroup;
            children = ('__PBXFileRef_ValidatedInjectAdditions.xcodeproj/Configs/Project.xcconfig');
            name = Configs;
            sourceTree = '<group>';
        };
        _____Sources_ = {
            isa = PBXGroup;
            children = (_______Group_EasyInject, _______Group_ValidatedExtension, _______Group_ValidatedInjectAdditions);
            name = Sources;
            sourceTree = '<group>';
        };
        Dependencies_ = {
            isa = PBXGroup;
            children = (_______Group_EasyInject, _______Group_ValidatedExtension);
            name = Dependencies;
            sourceTree = '<group>';
        };
        _______Tests_ = {
            isa = PBXGroup;
            children = (_______Group_ValidatedInjectAdditionsTests);
            name = Tests;
            sourceTree = '<group>';
        };
       TestProducts_ = {
            isa = PBXGroup;
            children = (_____Product_ValidatedInjectAdditionsTests);
            name = Tests;
            sourceTree = '<group>';
        };
        ____Products_ = {
            isa = PBXGroup;
            children = (TestProducts_, _____Product_EasyInject, _____Product_ValidatedExtension, _____Product_ValidatedInjectAdditions);
            name = Products;
            sourceTree = '<group>';
        };
        _______Debug_ = {
            isa = XCBuildConfiguration;
            baseConfigurationReference = '__PBXFileRef_ValidatedInjectAdditions.xcodeproj/Configs/Project.xcconfig';
            buildSettings = {};
            name = Debug;
        };
        _____Release_ = {
            isa = XCBuildConfiguration;
            baseConfigurationReference = '__PBXFileRef_ValidatedInjectAdditions.xcodeproj/Configs/Project.xcconfig';
            buildSettings = {};
            name = Release;
        };
        ___RootConfs_ = {
            isa = XCConfigurationList;
            buildConfigurations = (_______Debug_, _____Release_);
            defaultConfigurationIsVisible = 0;
            defaultConfigurationName = Debug;
        };
    };
}
